# This file is automatically @generated by Cargo.
# It is not intended for manual editing.
version = 4

[[package]]
name = "use-biodiversity"
version = "0.1.0"

[[package]]
name = "use-biome"
version = "0.1.0"

[[package]]
name = "use-community"
version = "0.1.0"

[[package]]
name = "use-conservation-status"
version = "0.1.0"

[[package]]
name = "use-ecology"
version = "0.1.0"
dependencies = [
 "use-biodiversity",
 "use-biome",
 "use-community",
 "use-conservation-status",
 "use-ecosystem",
 "use-food-web",
 "use-habitat",
 "use-niche",
 "use-population",
 "use-species-interaction",
 "use-trophic-level",
]

[[package]]
name = "use-ecosystem"
version = "0.1.0"

[[package]]
name = "use-food-web"
version = "0.1.0"

[[package]]
name = "use-habitat"
version = "0.1.0"

[[package]]
name = "use-niche"
version = "0.1.0"

[[package]]
name = "use-population"
version = "0.1.0"

[[package]]
name = "use-species-interaction"
version = "0.1.0"

[[package]]
name = "use-trophic-level"
version = "0.1.0"
